
Microsoft Visual Studio Solution File, Format Version 12.00
# Visual Studio Version 17
VisualStudioVersion = 17.6.33723.286
MinimumVisualStudioVersion = 10.0.40219.1
Project("{FAE04EC0-301F-11D3-BF4B-00C04F79EFBC}") = "ModalContentPresenterWPF", "ModalContentPresenterWPF\ModalContentPresenterWPF.csproj", "{6F09FFB8-4630-459C-8905-17F3887A9D81}"
EndProject
Project("{FAE04EC0-301F-11D3-BF4B-00C04F79EFBC}") = "modModalContentPresenter", "modModalContentPresenter\modModalContentPresenter.csproj", "{C60B9881-9215-4356-9A37-5522E3ADA3E9}"
EndProject
Project("{FAE04EC0-301F-11D3-BF4B-00C04F79EFBC}") = "modInterfaceBase", "modInterfaceBase\modInterfaceBase.csproj", "{2A33B016-5808-4259-BCCF-80EA8CBAD316}"
EndProject
Global
	GlobalSection(SolutionConfigurationPlatforms) = preSolution
		Debug|Any CPU = Debug|Any CPU
		Release|Any CPU = Release|Any CPU
	EndGlobalSection
	GlobalSection(ProjectConfigurationPlatforms) = postSolution
		{6F09FFB8-4630-459C-8905-17F3887A9D81}.Debug|Any CPU.ActiveCfg = Debug|Any CPU
		{6F09FFB8-4630-459C-8905-17F3887A9D81}.Debug|Any CPU.Build.0 = Debug|Any CPU
		{6F09FFB8-4630-459C-8905-17F3887A9D81}.Release|Any CPU.ActiveCfg = Release|Any CPU
		{6F09FFB8-4630-459C-8905-17F3887A9D81}.Release|Any CPU.Build.0 = Release|Any CPU
		{C60B9881-9215-4356-9A37-5522E3ADA3E9}.Debug|Any CPU.ActiveCfg = Debug|Any CPU
		{C60B9881-9215-4356-9A37-5522E3ADA3E9}.Debug|Any CPU.Build.0 = Debug|Any CPU
		{C60B9881-9215-4356-9A37-5522E3ADA3E9}.Release|Any CPU.ActiveCfg = Release|Any CPU
		{C60B9881-9215-4356-9A37-5522E3ADA3E9}.Release|Any CPU.Build.0 = Release|Any CPU
		{2A33B016-5808-4259-BCCF-80EA8CBAD316}.Debug|Any CPU.ActiveCfg = Debug|Any CPU
		{2A33B016-5808-4259-BCCF-80EA8CBAD316}.Debug|Any CPU.Build.0 = Debug|Any CPU
		{2A33B016-5808-4259-BCCF-80EA8CBAD316}.Release|Any CPU.ActiveCfg = Release|Any CPU
		{2A33B016-5808-4259-BCCF-80EA8CBAD316}.Release|Any CPU.Build.0 = Release|Any CPU
	EndGlobalSection
	GlobalSection(SolutionProperties) = preSolution
		HideSolutionNode = FALSE
	EndGlobalSection
	GlobalSection(ExtensibilityGlobals) = postSolution
		SolutionGuid = {F92006F4-76E4-4B6B-9F80-35FA98C92B58}
	EndGlobalSection
EndGlobal
